
Microsoft Visual Studio Solution File, Format Version 12.00
# Visual Studio Version 17
VisualStudioVersion = 17.2.32616.157
MinimumVisualStudioVersion = 10.0.40219.1
Project("{FAE04EC0-301F-11D3-BF4B-00C04F79EFBC}") = "WebApplication4", "WebApplication4.csproj", "{449D1FF9-CE7B-4D9F-8492-4D88BFBFDD9C}"
EndProject
Project("{FAE04EC0-301F-11D3-BF4B-00C04F79EFBC}") = "WebApplication4.Tests", "..\WebApplication4.Tests\WebApplication4.Tests.csproj", "{DABBB495-6951-49D1-ADA0-341EE4E68B66}"
EndProject
Global
	GlobalSection(SolutionConfigurationPlatforms) = preSolution
		Debug|Any CPU = Debug|Any CPU
		Release|Any CPU = Release|Any CPU
	EndGlobalSection
	GlobalSection(ProjectConfigurationPlatforms) = postSolution
		{449D1FF9-CE7B-4D9F-8492-4D88BFBFDD9C}.Debug|Any CPU.ActiveCfg = Debug|Any CPU
		{449D1FF9-CE7B-4D9F-8492-4D88BFBFDD9C}.Debug|Any CPU.Build.0 = Debug|Any CPU
		{449D1FF9-CE7B-4D9F-8492-4D88BFBFDD9C}.Release|Any CPU.ActiveCfg = Release|Any CPU
		{449D1FF9-CE7B-4D9F-8492-4D88BFBFDD9C}.Release|Any CPU.Build.0 = Release|Any CPU
		{DABBB495-6951-49D1-ADA0-341EE4E68B66}.Debug|Any CPU.ActiveCfg = Debug|Any CPU
		{DABBB495-6951-49D1-ADA0-341EE4E68B66}.Debug|Any CPU.Build.0 = Debug|Any CPU
		{DABBB495-6951-49D1-ADA0-341EE4E68B66}.Release|Any CPU.ActiveCfg = Release|Any CPU
		{DABBB495-6951-49D1-ADA0-341EE4E68B66}.Release|Any CPU.Build.0 = Release|Any CPU
	EndGlobalSection
	GlobalSection(SolutionProperties) = preSolution
		HideSolutionNode = FALSE
	EndGlobalSection
	GlobalSection(ExtensibilityGlobals) = postSolution
		SolutionGuid = {AE14174A-0402-4830-A35F-96231D66A38B}
	EndGlobalSection
EndGlobal
